{"filter":false,"title":"Gemfile.lock","tooltip":"/Bookers2/Gemfile.lock","undoManager":{"mark":-1,"position":-1,"stack":[]},"ace":{"folds":[],"scrolltop":636,"scrollleft":0,"selection":{"start":{"row":54,"column":21},"end":{"row":54,"column":21},"isBackwards":false},"options":{"guessTabSize":true,"useWrapMode":false,"wrapToView":true},"firstLineState":{"row":38,"state":"start","mode":"ace/mode/text"}},"timestamp":1714654722131,"hash":"565bff335d711f04e5e57c8f0f91f0a402c5e07a"}